
Microsoft Visual Studio Solution File, Format Version 12.00
# Visual Studio 2013
Project("{FAE04EC0-301F-11D3-BF4B-00C04F79EFBC}") = "UnityVS.MiniGameGD2.CSharp", "UnityVS.MiniGameGD2.CSharp.csproj", "{775894CC-383D-2804-7EEF-ED37F8C7F67F}"
EndProject
Project("{FAE04EC0-301F-11D3-BF4B-00C04F79EFBC}") = "UnityVS.MiniGameGD2.CSharp.Editor", "UnityVS.MiniGameGD2.CSharp.Editor.csproj", "{76FDC056-0324-7C53-70E4-DDB8C358786E}"
EndProject
Project("{FAE04EC0-301F-11D3-BF4B-00C04F79EFBC}") = "UnityVS.MiniGameGD2.CSharp.Plugins", "UnityVS.MiniGameGD2.CSharp.Plugins.csproj", "{B45B2C0E-1C20-38A5-F1D3-87FF578B7DE2}"
EndProject
Global
	GlobalSection(SolutionConfigurationPlatforms) = preSolution
		Debug|Any CPU = Debug|Any CPU
		Release|Any CPU = Release|Any CPU
	EndGlobalSection
	GlobalSection(ProjectConfigurationPlatforms) = postSolution
		{775894CC-383D-2804-7EEF-ED37F8C7F67F}.Debug|Any CPU.ActiveCfg = Debug|Any CPU
		{775894CC-383D-2804-7EEF-ED37F8C7F67F}.Debug|Any CPU.Build.0 = Debug|Any CPU
		{775894CC-383D-2804-7EEF-ED37F8C7F67F}.Release|Any CPU.ActiveCfg = Release|Any CPU
		{775894CC-383D-2804-7EEF-ED37F8C7F67F}.Release|Any CPU.Build.0 = Release|Any CPU
		{76FDC056-0324-7C53-70E4-DDB8C358786E}.Debug|Any CPU.ActiveCfg = Debug|Any CPU
		{76FDC056-0324-7C53-70E4-DDB8C358786E}.Debug|Any CPU.Build.0 = Debug|Any CPU
		{76FDC056-0324-7C53-70E4-DDB8C358786E}.Release|Any CPU.ActiveCfg = Release|Any CPU
		{76FDC056-0324-7C53-70E4-DDB8C358786E}.Release|Any CPU.Build.0 = Release|Any CPU
		{B45B2C0E-1C20-38A5-F1D3-87FF578B7DE2}.Debug|Any CPU.ActiveCfg = Debug|Any CPU
		{B45B2C0E-1C20-38A5-F1D3-87FF578B7DE2}.Debug|Any CPU.Build.0 = Debug|Any CPU
		{B45B2C0E-1C20-38A5-F1D3-87FF578B7DE2}.Release|Any CPU.ActiveCfg = Release|Any CPU
		{B45B2C0E-1C20-38A5-F1D3-87FF578B7DE2}.Release|Any CPU.Build.0 = Release|Any CPU
	EndGlobalSection
	GlobalSection(SolutionProperties) = preSolution
		HideSolutionNode = FALSE
	EndGlobalSection
EndGlobal
